
Microsoft Visual Studio Solution File, Format Version 12.00
# Visual Studio Version 16
VisualStudioVersion = 25.0.1705.4
MinimumVisualStudioVersion = 10.0.40219.1
Project("{FAE04EC0-301F-11D3-BF4B-00C04F79EFBC}") = "MVC.E-Commerce", "MVC.E-Commerce.csproj", "{B5D19850-68CA-4AE4-8F5E-5C5027BAB262}"
EndProject
Global
	GlobalSection(SolutionConfigurationPlatforms) = preSolution
		Debug|Any CPU = Debug|Any CPU
		Release|Any CPU = Release|Any CPU
	EndGlobalSection
	GlobalSection(ProjectConfigurationPlatforms) = postSolution
		{B5D19850-68CA-4AE4-8F5E-5C5027BAB262}.Debug|Any CPU.ActiveCfg = Debug|Any CPU
		{B5D19850-68CA-4AE4-8F5E-5C5027BAB262}.Debug|Any CPU.Build.0 = Debug|Any CPU
		{B5D19850-68CA-4AE4-8F5E-5C5027BAB262}.Release|Any CPU.ActiveCfg = Release|Any CPU
		{B5D19850-68CA-4AE4-8F5E-5C5027BAB262}.Release|Any CPU.Build.0 = Release|Any CPU
	EndGlobalSection
	GlobalSection(SolutionProperties) = preSolution
		HideSolutionNode = FALSE
	EndGlobalSection
	GlobalSection(ExtensibilityGlobals) = postSolution
		SolutionGuid = {D5B62972-200A-4335-BDD9-4FB7B56ACE0A}
	EndGlobalSection
EndGlobal
