
Microsoft Visual Studio Solution File, Format Version 12.00
# Visual Studio Version 16
VisualStudioVersion = 25.0.1705.4
MinimumVisualStudioVersion = 10.0.40219.1
Project("{FAE04EC0-301F-11D3-BF4B-00C04F79EFBC}") = "MVC.E-Commerce", "MVC.E-Commerce.csproj", "{FB99FF0C-D644-4F41-90D7-04169B31B6A7}"
EndProject
Global
	GlobalSection(SolutionConfigurationPlatforms) = preSolution
		Debug|Any CPU = Debug|Any CPU
		Release|Any CPU = Release|Any CPU
	EndGlobalSection
	GlobalSection(ProjectConfigurationPlatforms) = postSolution
		{FB99FF0C-D644-4F41-90D7-04169B31B6A7}.Debug|Any CPU.ActiveCfg = Debug|Any CPU
		{FB99FF0C-D644-4F41-90D7-04169B31B6A7}.Debug|Any CPU.Build.0 = Debug|Any CPU
		{FB99FF0C-D644-4F41-90D7-04169B31B6A7}.Release|Any CPU.ActiveCfg = Release|Any CPU
		{FB99FF0C-D644-4F41-90D7-04169B31B6A7}.Release|Any CPU.Build.0 = Release|Any CPU
	EndGlobalSection
	GlobalSection(SolutionProperties) = preSolution
		HideSolutionNode = FALSE
	EndGlobalSection
	GlobalSection(ExtensibilityGlobals) = postSolution
		SolutionGuid = {79A3ECA0-1E3F-483A-98C6-E6A32C9FD850}
	EndGlobalSection
EndGlobal
